
Microsoft Visual Studio Solution File, Format Version 12.00
# Visual Studio Version 17
VisualStudioVersion = 17.3.32811.315
MinimumVisualStudioVersion = 10.0.40219.1
Project("{FAE04EC0-301F-11D3-BF4B-00C04F79EFBC}") = "FormSaludo-2023-II", "FormSaludo-2023-II.csproj", "{097B1F9D-3C97-4945-A877-5057B004A00F}"
EndProject
Global
	GlobalSection(SolutionConfigurationPlatforms) = preSolution
		Debug|Any CPU = Debug|Any CPU
		Release|Any CPU = Release|Any CPU
	EndGlobalSection
	GlobalSection(ProjectConfigurationPlatforms) = postSolution
		{097B1F9D-3C97-4945-A877-5057B004A00F}.Debug|Any CPU.ActiveCfg = Debug|Any CPU
		{097B1F9D-3C97-4945-A877-5057B004A00F}.Debug|Any CPU.Build.0 = Debug|Any CPU
		{097B1F9D-3C97-4945-A877-5057B004A00F}.Release|Any CPU.ActiveCfg = Release|Any CPU
		{097B1F9D-3C97-4945-A877-5057B004A00F}.Release|Any CPU.Build.0 = Release|Any CPU
	EndGlobalSection
	GlobalSection(SolutionProperties) = preSolution
		HideSolutionNode = FALSE
	EndGlobalSection
	GlobalSection(ExtensibilityGlobals) = postSolution
		SolutionGuid = {EC041C93-9DF1-4A83-A209-FD862F68C12C}
	EndGlobalSection
EndGlobal
